
Microsoft Visual Studio Solution File, Format Version 12.00
# Visual Studio Version 16
VisualStudioVersion = 25.0.1704.5
MinimumVisualStudioVersion = 10.0.40219.1
Project("{FAE04EC0-301F-11D3-BF4B-00C04F79EFBC}") = "DotNetAPI", "DotNetAPI\DotNetAPI.csproj", "{B54B597C-FE8A-41A9-BC5E-39A8FD997C4E}"
EndProject
Project("{FAE04EC0-301F-11D3-BF4B-00C04F79EFBC}") = "DotNetAPITests", "DotNetAPITests\DotNetAPITests.csproj", "{0DDB99CD-6D07-4027-9894-0F419857485D}"
EndProject
Global
	GlobalSection(SolutionConfigurationPlatforms) = preSolution
		Debug|Any CPU = Debug|Any CPU
		Release|Any CPU = Release|Any CPU
	EndGlobalSection
	GlobalSection(ProjectConfigurationPlatforms) = postSolution
		{B54B597C-FE8A-41A9-BC5E-39A8FD997C4E}.Debug|Any CPU.ActiveCfg = Debug|Any CPU
		{B54B597C-FE8A-41A9-BC5E-39A8FD997C4E}.Debug|Any CPU.Build.0 = Debug|Any CPU
		{B54B597C-FE8A-41A9-BC5E-39A8FD997C4E}.Release|Any CPU.ActiveCfg = Release|Any CPU
		{B54B597C-FE8A-41A9-BC5E-39A8FD997C4E}.Release|Any CPU.Build.0 = Release|Any CPU
		{0DDB99CD-6D07-4027-9894-0F419857485D}.Debug|Any CPU.ActiveCfg = Debug|Any CPU
		{0DDB99CD-6D07-4027-9894-0F419857485D}.Debug|Any CPU.Build.0 = Debug|Any CPU
		{0DDB99CD-6D07-4027-9894-0F419857485D}.Release|Any CPU.ActiveCfg = Release|Any CPU
		{0DDB99CD-6D07-4027-9894-0F419857485D}.Release|Any CPU.Build.0 = Release|Any CPU
	EndGlobalSection
	GlobalSection(SolutionProperties) = preSolution
		HideSolutionNode = FALSE
	EndGlobalSection
	GlobalSection(ExtensibilityGlobals) = postSolution
		SolutionGuid = {EE299043-DF39-4DB8-BE9A-F4A8A5DD5753}
	EndGlobalSection
EndGlobal
